
Microsoft Visual Studio Solution File, Format Version 12.00
# Visual Studio 15
VisualStudioVersion = 15.0.27703.1
MinimumVisualStudioVersion = 10.0.40219.1
Project("{8BC9CEB8-8B4A-11D0-8D11-00A0C91BC942}") = "CppAndLuaCallTest", "CppAndLuaCallTest\CppAndLuaCallTest.vcxproj", "{1B00A42F-72BA-4CE6-AB59-3BC37EB585F7}"
EndProject
Global
	GlobalSection(SolutionConfigurationPlatforms) = preSolution
		Debug|x64 = Debug|x64
		Debug|x86 = Debug|x86
		Release|x64 = Release|x64
		Release|x86 = Release|x86
	EndGlobalSection
	GlobalSection(ProjectConfigurationPlatforms) = postSolution
		{1B00A42F-72BA-4CE6-AB59-3BC37EB585F7}.Debug|x64.ActiveCfg = Debug|x64
		{1B00A42F-72BA-4CE6-AB59-3BC37EB585F7}.Debug|x64.Build.0 = Debug|x64
		{1B00A42F-72BA-4CE6-AB59-3BC37EB585F7}.Debug|x86.ActiveCfg = Debug|Win32
		{1B00A42F-72BA-4CE6-AB59-3BC37EB585F7}.Debug|x86.Build.0 = Debug|Win32
		{1B00A42F-72BA-4CE6-AB59-3BC37EB585F7}.Release|x64.ActiveCfg = Release|x64
		{1B00A42F-72BA-4CE6-AB59-3BC37EB585F7}.Release|x64.Build.0 = Release|x64
		{1B00A42F-72BA-4CE6-AB59-3BC37EB585F7}.Release|x86.ActiveCfg = Release|Win32
		{1B00A42F-72BA-4CE6-AB59-3BC37EB585F7}.Release|x86.Build.0 = Release|Win32
	EndGlobalSection
	GlobalSection(SolutionProperties) = preSolution
		HideSolutionNode = FALSE
	EndGlobalSection
	GlobalSection(ExtensibilityGlobals) = postSolution
		SolutionGuid = {4B66819C-385A-4B82-BF3D-F1D663281E28}
	EndGlobalSection
EndGlobal
